
Microsoft Visual Studio Solution File, Format Version 12.00
# Visual Studio Version 17
VisualStudioVersion = 17.14.37203.1 d17.14
MinimumVisualStudioVersion = 10.0.40219.1
Project("{8BC9CEB8-8B4A-11D0-8D11-00A0C91BC942}") = "MMOSERVER_Termproject", "MMOSERVER_Termproject\MMOSERVER_Termproject.vcxproj", "{82BA144A-B683-4B09-9B7C-259AE75F9F07}"
EndProject
Global
	GlobalSection(SolutionConfigurationPlatforms) = preSolution
		Debug|x64 = Debug|x64
		Debug|x86 = Debug|x86
		Release|x64 = Release|x64
		Release|x86 = Release|x86
	EndGlobalSection
	GlobalSection(ProjectConfigurationPlatforms) = postSolution
		{82BA144A-B683-4B09-9B7C-259AE75F9F07}.Debug|x64.ActiveCfg = Debug|x64
		{82BA144A-B683-4B09-9B7C-259AE75F9F07}.Debug|x64.Build.0 = Debug|x64
		{82BA144A-B683-4B09-9B7C-259AE75F9F07}.Debug|x86.ActiveCfg = Debug|Win32
		{82BA144A-B683-4B09-9B7C-259AE75F9F07}.Debug|x86.Build.0 = Debug|Win32
		{82BA144A-B683-4B09-9B7C-259AE75F9F07}.Release|x64.ActiveCfg = Release|x64
		{82BA144A-B683-4B09-9B7C-259AE75F9F07}.Release|x64.Build.0 = Release|x64
		{82BA144A-B683-4B09-9B7C-259AE75F9F07}.Release|x86.ActiveCfg = Release|Win32
		{82BA144A-B683-4B09-9B7C-259AE75F9F07}.Release|x86.Build.0 = Release|Win32
	EndGlobalSection
	GlobalSection(SolutionProperties) = preSolution
		HideSolutionNode = FALSE
	EndGlobalSection
	GlobalSection(ExtensibilityGlobals) = postSolution
		SolutionGuid = {FAD8AFE5-C1AA-48A8-B574-6F6A3FA3CCB9}
	EndGlobalSection
EndGlobal
